// !$*UTF8*$!
{
	archiveVersion = 1;
	classes = {
	};
	objectVersion = 77;
	objects = {

/* Begin PBXBuildFile section */
		EC492F6A2EE222AF00E343F1 /* HistoryViewModel.swift in Sources */ = {isa = PBXBuildFile; fileRef = EC492F692EE222AF00E343F1 /* HistoryViewModel.swift */; };
		EC492F6C2EE222BC00E343F1 /* HistoryView.swift in Sources */ = {isa = PBXBuildFile; fileRef = EC492F6B2EE222BC00E343F1 /* HistoryView.swift */; };
		EC492F6E2EE222F400E343F1 /* SessionDetailViewModel.swift in Sources */ = {isa = PBXBuildFile; fileRef = EC492F6D2EE222F400E343F1 /* SessionDetailViewModel.swift */; };
		EC492F702EE222FF00E343F1 /* SessionDetailView.swift in Sources */ = {isa = PBXBuildFile; fileRef = EC492F6F2EE222FF00E343F1 /* SessionDetailView.swift */; };
		EC492F732EE2F9D400E343F1 /* LaunchScreen.storyboard in Resources */ = {isa = PBXBuildFile; fileRef = EC492F722EE2F9D400E343F1 /* LaunchScreen.storyboard */; };
		EC492F752EE2FAF700E343F1 /* AppBackgroundView.swift in Sources */ = {isa = PBXBuildFile; fileRef = EC492F742EE2FAF700E343F1 /* AppBackgroundView.swift */; };
		EC4930392EE31D2600E343F1 /* ScanActionButton.swift in Sources */ = {isa = PBXBuildFile; fileRef = EC4930382EE31D2600E343F1 /* ScanActionButton.swift */; };
		ECFE53452EE114B6005B4D33 /* BluetoothLANScannerApp.swift in Sources */ = {isa = PBXBuildFile; fileRef = ECFE532C2EE114B6005B4D33 /* BluetoothLANScannerApp.swift */; };
		ECFE53462EE114B6005B4D33 /* BluetoothLANScanner.xcdatamodeld in Sources */ = {isa = PBXBuildFile; fileRef = ECFE533F2EE114B6005B4D33 /* BluetoothLANScanner.xcdatamodeld */; };
		ECFE53472EE114B6005B4D33 /* ContentView.swift in Sources */ = {isa = PBXBuildFile; fileRef = ECFE53412EE114B6005B4D33 /* ContentView.swift */; };
		ECFE53482EE114B6005B4D33 /* Persistence.swift in Sources */ = {isa = PBXBuildFile; fileRef = ECFE53422EE114B6005B4D33 /* Persistence.swift */; };
		ECFE53492EE114B6005B4D33 /* Assets.xcassets in Resources */ = {isa = PBXBuildFile; fileRef = ECFE53312EE114B6005B4D33 /* Assets.xcassets */; };
		ECFE534B2EE11580005B4D33 /* DeviceType.swift in Sources */ = {isa = PBXBuildFile; fileRef = ECFE534A2EE11580005B4D33 /* DeviceType.swift */; };
		ECFE534D2EE11591005B4D33 /* ScanSession.swift in Sources */ = {isa = PBXBuildFile; fileRef = ECFE534C2EE11591005B4D33 /* ScanSession.swift */; };
		ECFE534F2EE115A1005B4D33 /* DeviceScanner.swift in Sources */ = {isa = PBXBuildFile; fileRef = ECFE534E2EE115A1005B4D33 /* DeviceScanner.swift */; };
		ECFE53512EE1160B005B4D33 /* HistoryRepository.swift in Sources */ = {isa = PBXBuildFile; fileRef = ECFE53502EE1160B005B4D33 /* HistoryRepository.swift */; };
		ECFE53532EE117A9005B4D33 /* BluetoothScannerService.swift in Sources */ = {isa = PBXBuildFile; fileRef = ECFE53522EE117A9005B4D33 /* BluetoothScannerService.swift */; };
		ECFE53552EE11EA8005B4D33 /* LanScannerService.swift in Sources */ = {isa = PBXBuildFile; fileRef = ECFE53542EE11EA8005B4D33 /* LanScannerService.swift */; };
		ECFE53582EE11FA1005B4D33 /* LanScanner in Frameworks */ = {isa = PBXBuildFile; productRef = ECFE53572EE11FA1005B4D33 /* LanScanner */; };
		ECFE535A2EE12048005B4D33 /* BluetoothScanViewModel.swift in Sources */ = {isa = PBXBuildFile; fileRef = ECFE53592EE12048005B4D33 /* BluetoothScanViewModel.swift */; };
		ECFE535C2EE120BC005B4D33 /* BluetoothScanView.swift in Sources */ = {isa = PBXBuildFile; fileRef = ECFE535B2EE120BC005B4D33 /* BluetoothScanView.swift */; };
		ECFE53602EE126AB005B4D33 /* HomeView.swift in Sources */ = {isa = PBXBuildFile; fileRef = ECFE535F2EE126AB005B4D33 /* HomeView.swift */; };
		ECFE53632EE1272D005B4D33 /* DeviceRowView.swift in Sources */ = {isa = PBXBuildFile; fileRef = ECFE53622EE1272D005B4D33 /* DeviceRowView.swift */; };
		ECFE53652EE12761005B4D33 /* DeviceDetailView.swift in Sources */ = {isa = PBXBuildFile; fileRef = ECFE53642EE12761005B4D33 /* DeviceDetailView.swift */; };
		ECFE53672EE12924005B4D33 /* LanScanViewModel.swift in Sources */ = {isa = PBXBuildFile; fileRef = ECFE53662EE12924005B4D33 /* LanScanViewModel.swift */; };
		ECFE53692EE12984005B4D33 /* LanScanView.swift in Sources */ = {isa = PBXBuildFile; fileRef = ECFE53682EE12984005B4D33 /* LanScanView.swift */; };
		ECFE536B2EE214D4005B4D33 /* CoreDataHistoryRepository.swift in Sources */ = {isa = PBXBuildFile; fileRef = ECFE536A2EE214D4005B4D33 /* CoreDataHistoryRepository.swift */; };
		ECFE536D2EE214F1005B4D33 /* CoreDataMapping.swift in Sources */ = {isa = PBXBuildFile; fileRef = ECFE536C2EE214EF005B4D33 /* CoreDataMapping.swift */; };
/* End PBXBuildFile section */

/* Begin PBXFileReference section */
		EC492F692EE222AF00E343F1 /* HistoryViewModel.swift */ = {isa = PBXFileReference; lastKnownFileType = sourcecode.swift; path = HistoryViewModel.swift; sourceTree = "<group>"; };
		EC492F6B2EE222BC00E343F1 /* HistoryView.swift */ = {isa = PBXFileReference; lastKnownFileType = sourcecode.swift; path = HistoryView.swift; sourceTree = "<group>"; };
		EC492F6D2EE222F400E343F1 /* SessionDetailViewModel.swift */ = {isa = PBXFileReference; lastKnownFileType = sourcecode.swift; path = SessionDetailViewModel.swift; sourceTree = "<group>"; };
		EC492F6F2EE222FF00E343F1 /* SessionDetailView.swift */ = {isa = PBXFileReference; lastKnownFileType = sourcecode.swift; path = SessionDetailView.swift; sourceTree = "<group>"; };
		EC492F712EE2347100E343F1 /* Info.plist */ = {isa = PBXFileReference; lastKnownFileType = text.plist.xml; path = Info.plist; sourceTree = "<group>"; };
		EC492F722EE2F9D400E343F1 /* LaunchScreen.storyboard */ = {isa = PBXFileReference; lastKnownFileType = file.storyboard; path = LaunchScreen.storyboard; sourceTree = "<group>"; };
		EC492F742EE2FAF700E343F1 /* AppBackgroundView.swift */ = {isa = PBXFileReference; lastKnownFileType = sourcecode.swift; path = AppBackgroundView.swift; sourceTree = "<group>"; };
		EC4930382EE31D2600E343F1 /* ScanActionButton.swift */ = {isa = PBXFileReference; lastKnownFileType = sourcecode.swift; path = ScanActionButton.swift; sourceTree = "<group>"; };
		ECFE53022EE10B53005B4D33 /* BluetoothLANScanner.app */ = {isa = PBXFileReference; explicitFileType = wrapper.application; includeInIndex = 0; path = BluetoothLANScanner.app; sourceTree = BUILT_PRODUCTS_DIR; };
		ECFE532C2EE114B6005B4D33 /* BluetoothLANScannerApp.swift */ = {isa = PBXFileReference; lastKnownFileType = sourcecode.swift; path = BluetoothLANScannerApp.swift; sourceTree = "<group>"; };
		ECFE53312EE114B6005B4D33 /* Assets.xcassets */ = {isa = PBXFileReference; lastKnownFileType = folder.assetcatalog; path = Assets.xcassets; sourceTree = "<group>"; };
		ECFE53412EE114B6005B4D33 /* ContentView.swift */ = {isa = PBXFileReference; lastKnownFileType = sourcecode.swift; path = ContentView.swift; sourceTree = "<group>"; };
		ECFE53422EE114B6005B4D33 /* Persistence.swift */ = {isa = PBXFileReference; lastKnownFileType = sourcecode.swift; path = Persistence.swift; sourceTree = "<group>"; };
		ECFE53442EE114B6005B4D33 /* BluetoothLANScanner.xcdatamodel */ = {isa = PBXFileReference; lastKnownFileType = wrapper.xcdatamodel; path = BluetoothLANScanner.xcdatamodel; sourceTree = "<group>"; };
		ECFE534A2EE11580005B4D33 /* DeviceType.swift */ = {isa = PBXFileReference; lastKnownFileType = sourcecode.swift; path = DeviceType.swift; sourceTree = "<group>"; };
		ECFE534C2EE11591005B4D33 /* ScanSession.swift */ = {isa = PBXFileReference; lastKnownFileType = sourcecode.swift; path = ScanSession.swift; sourceTree = "<group>"; };
		ECFE534E2EE115A1005B4D33 /* DeviceScanner.swift */ = {isa = PBXFileReference; lastKnownFileType = sourcecode.swift; path = DeviceScanner.swift; sourceTree = "<group>"; };
		ECFE53502EE1160B005B4D33 /* HistoryRepository.swift */ = {isa = PBXFileReference; lastKnownFileType = sourcecode.swift; path = HistoryRepository.swift; sourceTree = "<group>"; };
		ECFE53522EE117A9005B4D33 /* BluetoothScannerService.swift */ = {isa = PBXFileReference; lastKnownFileType = sourcecode.swift; path = BluetoothScannerService.swift; sourceTree = "<group>"; };
		ECFE53542EE11EA8005B4D33 /* LanScannerService.swift */ = {isa = PBXFileReference; lastKnownFileType = sourcecode.swift; path = LanScannerService.swift; sourceTree = "<group>"; };
		ECFE53592EE12048005B4D33 /* BluetoothScanViewModel.swift */ = {isa = PBXFileReference; lastKnownFileType = sourcecode.swift; path = BluetoothScanViewModel.swift; sourceTree = "<group>"; };
		ECFE535B2EE120BC005B4D33 /* BluetoothScanView.swift */ = {isa = PBXFileReference; lastKnownFileType = sourcecode.swift; path = BluetoothScanView.swift; sourceTree = "<group>"; };
		ECFE535F2EE126AB005B4D33 /* HomeView.swift */ = {isa = PBXFileReference; lastKnownFileType = sourcecode.swift; path = HomeView.swift; sourceTree = "<group>"; };
		ECFE53622EE1272D005B4D33 /* DeviceRowView.swift */ = {isa = PBXFileReference; lastKnownFileType = sourcecode.swift; path = DeviceRowView.swift; sourceTree = "<group>"; };
		ECFE53642EE12761005B4D33 /* DeviceDetailView.swift */ = {isa = PBXFileReference; lastKnownFileType = sourcecode.swift; path = DeviceDetailView.swift; sourceTree = "<group>"; };
		ECFE53662EE12924005B4D33 /* LanScanViewModel.swift */ = {isa = PBXFileReference; lastKnownFileType = sourcecode.swift; path = LanScanViewModel.swift; sourceTree = "<group>"; };
		ECFE53682EE12984005B4D33 /* LanScanView.swift */ = {isa = PBXFileReference; lastKnownFileType = sourcecode.swift; path = LanScanView.swift; sourceTree = "<group>"; };
		ECFE536A2EE214D4005B4D33 /* CoreDataHistoryRepository.swift */ = {isa = PBXFileReference; lastKnownFileType = sourcecode.swift; path = CoreDataHistoryRepository.swift; sourceTree = "<group>"; };
		ECFE536C2EE214EF005B4D33 /* CoreDataMapping.swift */ = {isa = PBXFileReference; lastKnownFileType = sourcecode.swift; path = CoreDataMapping.swift; sourceTree = "<group>"; };
/* End PBXFileReference section */

/* Begin PBXFrameworksBuildPhase section */
		ECFE52FF2EE10B53005B4D33 /* Frameworks */ = {
			isa = PBXFrameworksBuildPhase;
			buildActionMask = 2147483647;
			files = (
				ECFE53582EE11FA1005B4D33 /* LanScanner in Frameworks */,
			);
			runOnlyForDeploymentPostprocessing = 0;
		};
/* End PBXFrameworksBuildPhase section */

/* Begin PBXGroup section */
		ECFE52F92EE10B53005B4D33 = {
			isa = PBXGroup;
			children = (
				ECFE53432EE114B6005B4D33 /* BluetoothLANScanner */,
				ECFE53032EE10B53005B4D33 /* Products */,
			);
			sourceTree = "<group>";
		};
		ECFE53032EE10B53005B4D33 /* Products */ = {
			isa = PBXGroup;
			children = (
				ECFE53022EE10B53005B4D33 /* BluetoothLANScanner.app */,
			);
			name = Products;
			sourceTree = "<group>";
		};
		ECFE532D2EE114B6005B4D33 /* App */ = {
			isa = PBXGroup;
			children = (
				ECFE532C2EE114B6005B4D33 /* BluetoothLANScannerApp.swift */,
			);
			path = App;
			sourceTree = "<group>";
		};
		ECFE532E2EE114B6005B4D33 /* Extensions */ = {
			isa = PBXGroup;
			children = (
			);
			path = Extensions;
			sourceTree = "<group>";
		};
		ECFE532F2EE114B6005B4D33 /* Helpers */ = {
			isa = PBXGroup;
			children = (
			);
			path = Helpers;
			sourceTree = "<group>";
		};
		ECFE53302EE114B6005B4D33 /* Lottie */ = {
			isa = PBXGroup;
			children = (
			);
			path = Lottie;
			sourceTree = "<group>";
		};
		ECFE53322EE114B6005B4D33 /* Resources */ = {
			isa = PBXGroup;
			children = (
				ECFE53302EE114B6005B4D33 /* Lottie */,
				ECFE53312EE114B6005B4D33 /* Assets.xcassets */,
				EC492F722EE2F9D400E343F1 /* LaunchScreen.storyboard */,
			);
			path = Resources;
			sourceTree = "<group>";
		};
		ECFE53332EE114B6005B4D33 /* Common */ = {
			isa = PBXGroup;
			children = (
				ECFE53612EE1271F005B4D33 /* Views */,
				ECFE532E2EE114B6005B4D33 /* Extensions */,
				ECFE532F2EE114B6005B4D33 /* Helpers */,
				ECFE53322EE114B6005B4D33 /* Resources */,
			);
			path = Common;
			sourceTree = "<group>";
		};
		ECFE53342EE114B6005B4D33 /* Models */ = {
			isa = PBXGroup;
			children = (
				ECFE534C2EE11591005B4D33 /* ScanSession.swift */,
				ECFE534A2EE11580005B4D33 /* DeviceType.swift */,
			);
			path = Models;
			sourceTree = "<group>";
		};
		ECFE53352EE114B6005B4D33 /* Protocols */ = {
			isa = PBXGroup;
			children = (
				ECFE53502EE1160B005B4D33 /* HistoryRepository.swift */,
				ECFE534E2EE115A1005B4D33 /* DeviceScanner.swift */,
			);
			path = Protocols;
			sourceTree = "<group>";
		};
		ECFE53362EE114B6005B4D33 /* Core */ = {
			isa = PBXGroup;
			children = (
				ECFE53342EE114B6005B4D33 /* Models */,
				ECFE53352EE114B6005B4D33 /* Protocols */,
			);
			path = Core;
			sourceTree = "<group>";
		};
		ECFE53372EE114B6005B4D33 /* BluetoothScan */ = {
			isa = PBXGroup;
			children = (
				ECFE535B2EE120BC005B4D33 /* BluetoothScanView.swift */,
				ECFE53592EE12048005B4D33 /* BluetoothScanViewModel.swift */,
			);
			path = BluetoothScan;
			sourceTree = "<group>";
		};
		ECFE53382EE114B6005B4D33 /* History */ = {
			isa = PBXGroup;
			children = (
				EC492F6F2EE222FF00E343F1 /* SessionDetailView.swift */,
				EC492F6D2EE222F400E343F1 /* SessionDetailViewModel.swift */,
				EC492F6B2EE222BC00E343F1 /* HistoryView.swift */,
				EC492F692EE222AF00E343F1 /* HistoryViewModel.swift */,
			);
			path = History;
			sourceTree = "<group>";
		};
		ECFE53392EE114B6005B4D33 /* Home */ = {
			isa = PBXGroup;
			children = (
				ECFE535F2EE126AB005B4D33 /* HomeView.swift */,
			);
			path = Home;
			sourceTree = "<group>";
		};
		ECFE533A2EE114B6005B4D33 /* LanScan */ = {
			isa = PBXGroup;
			children = (
				ECFE53682EE12984005B4D33 /* LanScanView.swift */,
				ECFE53662EE12924005B4D33 /* LanScanViewModel.swift */,
			);
			path = LanScan;
			sourceTree = "<group>";
		};
		ECFE533B2EE114B6005B4D33 /* Flows */ = {
			isa = PBXGroup;
			children = (
				ECFE53392EE114B6005B4D33 /* Home */,
				ECFE53372EE114B6005B4D33 /* BluetoothScan */,
				ECFE533A2EE114B6005B4D33 /* LanScan */,
				ECFE53382EE114B6005B4D33 /* History */,
			);
			path = Flows;
			sourceTree = "<group>";
		};
		ECFE533C2EE114B6005B4D33 /* Bluetooth */ = {
			isa = PBXGroup;
			children = (
				ECFE53522EE117A9005B4D33 /* BluetoothScannerService.swift */,
			);
			path = Bluetooth;
			sourceTree = "<group>";
		};
		ECFE533D2EE114B6005B4D33 /* LAN */ = {
			isa = PBXGroup;
			children = (
				ECFE53542EE11EA8005B4D33 /* LanScannerService.swift */,
			);
			path = LAN;
			sourceTree = "<group>";
		};
		ECFE533E2EE114B6005B4D33 /* Persistence */ = {
			isa = PBXGroup;
			children = (
				ECFE536C2EE214EF005B4D33 /* CoreDataMapping.swift */,
				ECFE536A2EE214D4005B4D33 /* CoreDataHistoryRepository.swift */,
				ECFE53422EE114B6005B4D33 /* Persistence.swift */,
			);
			path = Persistence;
			sourceTree = "<group>";
		};
		ECFE53402EE114B6005B4D33 /* Services */ = {
			isa = PBXGroup;
			children = (
				ECFE533C2EE114B6005B4D33 /* Bluetooth */,
				ECFE533D2EE114B6005B4D33 /* LAN */,
				ECFE533E2EE114B6005B4D33 /* Persistence */,
			);
			path = Services;
			sourceTree = "<group>";
		};
		ECFE53432EE114B6005B4D33 /* BluetoothLANScanner */ = {
			isa = PBXGroup;
			children = (
				ECFE532D2EE114B6005B4D33 /* App */,
				ECFE53362EE114B6005B4D33 /* Core */,
				ECFE533B2EE114B6005B4D33 /* Flows */,
				ECFE53402EE114B6005B4D33 /* Services */,
				ECFE53332EE114B6005B4D33 /* Common */,
				ECFE533F2EE114B6005B4D33 /* BluetoothLANScanner.xcdatamodeld */,
				EC492F712EE2347100E343F1 /* Info.plist */,
				ECFE53412EE114B6005B4D33 /* ContentView.swift */,
			);
			path = BluetoothLANScanner;
			sourceTree = "<group>";
		};
		ECFE53612EE1271F005B4D33 /* Views */ = {
			isa = PBXGroup;
			children = (
				EC4930382EE31D2600E343F1 /* ScanActionButton.swift */,
				EC492F742EE2FAF700E343F1 /* AppBackgroundView.swift */,
				ECFE53642EE12761005B4D33 /* DeviceDetailView.swift */,
				ECFE53622EE1272D005B4D33 /* DeviceRowView.swift */,
			);
			path = Views;
			sourceTree = "<group>";
		};
/* End PBXGroup section */

/* Begin PBXNativeTarget section */
		ECFE53012EE10B53005B4D33 /* BluetoothLANScanner */ = {
			isa = PBXNativeTarget;
			buildConfigurationList = ECFE53122EE10B55005B4D33 /* Build configuration list for PBXNativeTarget "BluetoothLANScanner" */;
			buildPhases = (
				ECFE52FE2EE10B53005B4D33 /* Sources */,
				ECFE52FF2EE10B53005B4D33 /* Frameworks */,
				ECFE53002EE10B53005B4D33 /* Resources */,
			);
			buildRules = (
			);
			dependencies = (
			);
			name = BluetoothLANScanner;
			packageProductDependencies = (
				ECFE53572EE11FA1005B4D33 /* LanScanner */,
			);
			productName = BluetoothLANScanner;
			productReference = ECFE53022EE10B53005B4D33 /* BluetoothLANScanner.app */;
			productType = "com.apple.product-type.application";
		};
/* End PBXNativeTarget section */

/* Begin PBXProject section */
		ECFE52FA2EE10B53005B4D33 /* Project object */ = {
			isa = PBXProject;
			attributes = {
				BuildIndependentTargetsInParallel = 1;
				LastSwiftUpdateCheck = 1640;
				LastUpgradeCheck = 1640;
				TargetAttributes = {
					ECFE53012EE10B53005B4D33 = {
						CreatedOnToolsVersion = 16.4;
					};
				};
			};
			buildConfigurationList = ECFE52FD2EE10B53005B4D33 /* Build configuration list for PBXProject "BluetoothLANScanner" */;
			developmentRegion = en;
			hasScannedForEncodings = 0;
			knownRegions = (
				en,
				Base,
			);
			mainGroup = ECFE52F92EE10B53005B4D33;
			minimizedProjectReferenceProxies = 1;
			packageReferences = (
				ECFE53562EE11FA1005B4D33 /* XCRemoteSwiftPackageReference "lan-scanner" */,
			);
			preferredProjectObjectVersion = 77;
			productRefGroup = ECFE53032EE10B53005B4D33 /* Products */;
			projectDirPath = "";
			projectRoot = "";
			targets = (
				ECFE53012EE10B53005B4D33 /* BluetoothLANScanner */,
			);
		};
/* End PBXProject section */

/* Begin PBXResourcesBuildPhase section */
		ECFE53002EE10B53005B4D33 /* Resources */ = {
			isa = PBXResourcesBuildPhase;
			buildActionMask = 2147483647;
			files = (
				EC492F732EE2F9D400E343F1 /* LaunchScreen.storyboard in Resources */,
				ECFE53492EE114B6005B4D33 /* Assets.xcassets in Resources */,
			);
			runOnlyForDeploymentPostprocessing = 0;
		};
/* End PBXResourcesBuildPhase section */

/* Begin PBXSourcesBuildPhase section */
		ECFE52FE2EE10B53005B4D33 /* Sources */ = {
			isa = PBXSourcesBuildPhase;
			buildActionMask = 2147483647;
			files = (
				ECFE53452EE114B6005B4D33 /* BluetoothLANScannerApp.swift in Sources */,
				ECFE53462EE114B6005B4D33 /* BluetoothLANScanner.xcdatamodeld in Sources */,
				ECFE53602EE126AB005B4D33 /* HomeView.swift in Sources */,
				ECFE53632EE1272D005B4D33 /* DeviceRowView.swift in Sources */,
				ECFE534F2EE115A1005B4D33 /* DeviceScanner.swift in Sources */,
				ECFE53532EE117A9005B4D33 /* BluetoothScannerService.swift in Sources */,
				ECFE53652EE12761005B4D33 /* DeviceDetailView.swift in Sources */,
				EC492F6C2EE222BC00E343F1 /* HistoryView.swift in Sources */,
				ECFE536D2EE214F1005B4D33 /* CoreDataMapping.swift in Sources */,
				ECFE53692EE12984005B4D33 /* LanScanView.swift in Sources */,
				ECFE535C2EE120BC005B4D33 /* BluetoothScanView.swift in Sources */,
				ECFE536B2EE214D4005B4D33 /* CoreDataHistoryRepository.swift in Sources */,
				ECFE53552EE11EA8005B4D33 /* LanScannerService.swift in Sources */,
				ECFE53472EE114B6005B4D33 /* ContentView.swift in Sources */,
				EC492F702EE222FF00E343F1 /* SessionDetailView.swift in Sources */,
				ECFE53512EE1160B005B4D33 /* HistoryRepository.swift in Sources */,
				ECFE53482EE114B6005B4D33 /* Persistence.swift in Sources */,
				EC492F6E2EE222F400E343F1 /* SessionDetailViewModel.swift in Sources */,
				EC492F6A2EE222AF00E343F1 /* HistoryViewModel.swift in Sources */,
				ECFE534B2EE11580005B4D33 /* DeviceType.swift in Sources */,
				ECFE53672EE12924005B4D33 /* LanScanViewModel.swift in Sources */,
				EC4930392EE31D2600E343F1 /* ScanActionButton.swift in Sources */,
				ECFE534D2EE11591005B4D33 /* ScanSession.swift in Sources */,
				EC492F752EE2FAF700E343F1 /* AppBackgroundView.swift in Sources */,
				ECFE535A2EE12048005B4D33 /* BluetoothScanViewModel.swift in Sources */,
			);
			runOnlyForDeploymentPostprocessing = 0;
		};
/* End PBXSourcesBuildPhase section */

/* Begin XCBuildConfiguration section */
		ECFE53102EE10B55005B4D33 /* Debug */ = {
			isa = XCBuildConfiguration;
			buildSettings = {
				ALWAYS_SEARCH_USER_PATHS = NO;
				ASSETCATALOG_COMPILER_GENERATE_SWIFT_ASSET_SYMBOL_EXTENSIONS = YES;
				CLANG_ANALYZER_NONNULL = YES;
				CLANG_ANALYZER_NUMBER_OBJECT_CONVERSION = YES_AGGRESSIVE;
				CLANG_CXX_LANGUAGE_STANDARD = "gnu++20";
				CLANG_ENABLE_MODULES = YES;
				CLANG_ENABLE_OBJC_ARC = YES;
				CLANG_ENABLE_OBJC_WEAK = YES;
				CLANG_WARN_BLOCK_CAPTURE_AUTORELEASING = YES;
				CLANG_WARN_BOOL_CONVERSION = YES;
				CLANG_WARN_COMMA = YES;
				CLANG_WARN_CONSTANT_CONVERSION = YES;
				CLANG_WARN_DEPRECATED_OBJC_IMPLEMENTATIONS = YES;
				CLANG_WARN_DIRECT_OBJC_ISA_USAGE = YES_ERROR;
				CLANG_WARN_DOCUMENTATION_COMMENTS = YES;
				CLANG_WARN_EMPTY_BODY = YES;
				CLANG_WARN_ENUM_CONVERSION = YES;
				CLANG_WARN_INFINITE_RECURSION = YES;
				CLANG_WARN_INT_CONVERSION = YES;
				CLANG_WARN_NON_LITERAL_NULL_CONVERSION = YES;
				CLANG_WARN_OBJC_IMPLICIT_RETAIN_SELF = YES;
				CLANG_WARN_OBJC_LITERAL_CONVERSION = YES;
				CLANG_WARN_OBJC_ROOT_CLASS = YES_ERROR;
				CLANG_WARN_QUOTED_INCLUDE_IN_FRAMEWORK_HEADER = YES;
				CLANG_WARN_RANGE_LOOP_ANALYSIS = YES;
				CLANG_WARN_STRICT_PROTOTYPES = YES;
				CLANG_WARN_SUSPICIOUS_MOVE = YES;
				CLANG_WARN_UNGUARDED_AVAILABILITY = YES_AGGRESSIVE;
				CLANG_WARN_UNREACHABLE_CODE = YES;
				CLANG_WARN__DUPLICATE_METHOD_MATCH = YES;
				COPY_PHASE_STRIP = NO;
				DEBUG_INFORMATION_FORMAT = dwarf;
				DEVELOPMENT_TEAM = PUJ5AQT6UU;
				ENABLE_STRICT_OBJC_MSGSEND = YES;
				ENABLE_TESTABILITY = YES;
				ENABLE_USER_SCRIPT_SANDBOXING = YES;
				GCC_C_LANGUAGE_STANDARD = gnu17;
				GCC_DYNAMIC_NO_PIC = NO;
				GCC_NO_COMMON_BLOCKS = YES;
				GCC_OPTIMIZATION_LEVEL = 0;
				GCC_PREPROCESSOR_DEFINITIONS = (
					"DEBUG=1",
					"$(inherited)",
				);
				GCC_WARN_64_TO_32_BIT_CONVERSION = YES;
				GCC_WARN_ABOUT_RETURN_TYPE = YES_ERROR;
				GCC_WARN_UNDECLARED_SELECTOR = YES;
				GCC_WARN_UNINITIALIZED_AUTOS = YES_AGGRESSIVE;
				GCC_WARN_UNUSED_FUNCTION = YES;
				GCC_WARN_UNUSED_VARIABLE = YES;
				IPHONEOS_DEPLOYMENT_TARGET = 18.5;
				LOCALIZATION_PREFERS_STRING_CATALOGS = YES;
				MTL_ENABLE_DEBUG_INFO = INCLUDE_SOURCE;
				MTL_FAST_MATH = YES;
				ONLY_ACTIVE_ARCH = YES;
				SDKROOT = iphoneos;
				SWIFT_ACTIVE_COMPILATION_CONDITIONS = "DEBUG $(inherited)";
				SWIFT_OPTIMIZATION_LEVEL = "-Onone";
			};
			name = Debug;
		};
		ECFE53112EE10B55005B4D33 /* Release */ = {
			isa = XCBuildConfiguration;
			buildSettings = {
				ALWAYS_SEARCH_USER_PATHS = NO;
				ASSETCATALOG_COMPILER_GENERATE_SWIFT_ASSET_SYMBOL_EXTENSIONS = YES;
				CLANG_ANALYZER_NONNULL = YES;
				CLANG_ANALYZER_NUMBER_OBJECT_CONVERSION = YES_AGGRESSIVE;
				CLANG_CXX_LANGUAGE_STANDARD = "gnu++20";
				CLANG_ENABLE_MODULES = YES;
				CLANG_ENABLE_OBJC_ARC = YES;
				CLANG_ENABLE_OBJC_WEAK = YES;
				CLANG_WARN_BLOCK_CAPTURE_AUTORELEASING = YES;
				CLANG_WARN_BOOL_CONVERSION = YES;
				CLANG_WARN_COMMA = YES;
				CLANG_WARN_CONSTANT_CONVERSION = YES;
				CLANG_WARN_DEPRECATED_OBJC_IMPLEMENTATIONS = YES;
				CLANG_WARN_DIRECT_OBJC_ISA_USAGE = YES_ERROR;
				CLANG_WARN_DOCUMENTATION_COMMENTS = YES;
				CLANG_WARN_EMPTY_BODY = YES;
				CLANG_WARN_ENUM_CONVERSION = YES;
				CLANG_WARN_INFINITE_RECURSION = YES;
				CLANG_WARN_INT_CONVERSION = YES;
				CLANG_WARN_NON_LITERAL_NULL_CONVERSION = YES;
				CLANG_WARN_OBJC_IMPLICIT_RETAIN_SELF = YES;
				CLANG_WARN_OBJC_LITERAL_CONVERSION = YES;
				CLANG_WARN_OBJC_ROOT_CLASS = YES_ERROR;
				CLANG_WARN_QUOTED_INCLUDE_IN_FRAMEWORK_HEADER = YES;
				CLANG_WARN_RANGE_LOOP_ANALYSIS = YES;
				CLANG_WARN_STRICT_PROTOTYPES = YES;
				CLANG_WARN_SUSPICIOUS_MOVE = YES;
				CLANG_WARN_UNGUARDED_AVAILABILITY = YES_AGGRESSIVE;
				CLANG_WARN_UNREACHABLE_CODE = YES;
				CLANG_WARN__DUPLICATE_METHOD_MATCH = YES;
				COPY_PHASE_STRIP = NO;
				DEBUG_INFORMATION_FORMAT = "dwarf-with-dsym";
				DEVELOPMENT_TEAM = PUJ5AQT6UU;
				ENABLE_NS_ASSERTIONS = NO;
				ENABLE_STRICT_OBJC_MSGSEND = YES;
				ENABLE_USER_SCRIPT_SANDBOXING = YES;
				GCC_C_LANGUAGE_STANDARD = gnu17;
				GCC_NO_COMMON_BLOCKS = YES;
				GCC_WARN_64_TO_32_BIT_CONVERSION = YES;
				GCC_WARN_ABOUT_RETURN_TYPE = YES_ERROR;
				GCC_WARN_UNDECLARED_SELECTOR = YES;
				GCC_WARN_UNINITIALIZED_AUTOS = YES_AGGRESSIVE;
				GCC_WARN_UNUSED_FUNCTION = YES;
				GCC_WARN_UNUSED_VARIABLE = YES;
				IPHONEOS_DEPLOYMENT_TARGET = 18.5;
				LOCALIZATION_PREFERS_STRING_CATALOGS = YES;
				MTL_ENABLE_DEBUG_INFO = NO;
				MTL_FAST_MATH = YES;
				SDKROOT = iphoneos;
				SWIFT_COMPILATION_MODE = wholemodule;
				VALIDATE_PRODUCT = YES;
			};
			name = Release;
		};
		ECFE53132EE10B55005B4D33 /* Debug */ = {
			isa = XCBuildConfiguration;
			buildSettings = {
				ASSETCATALOG_COMPILER_APPICON_NAME = AppIcon;
				ASSETCATALOG_COMPILER_GLOBAL_ACCENT_COLOR_NAME = AccentColor;
				CODE_SIGN_STYLE = Automatic;
				CURRENT_PROJECT_VERSION = 1;
				DEVELOPMENT_TEAM = PUJ5AQT6UU;
				ENABLE_PREVIEWS = YES;
				GENERATE_INFOPLIST_FILE = YES;
				INFOPLIST_FILE = BluetoothLANScanner/Info.plist;
				INFOPLIST_KEY_NSBluetoothAlwaysUsageDescription = "Мы используем Bluetooth для поиска устройств рядом";
				INFOPLIST_KEY_NSLocalNetworkUsageDescription = "\"\"";
				INFOPLIST_KEY_UIApplicationSceneManifest_Generation = YES;
				INFOPLIST_KEY_UIApplicationSupportsIndirectInputEvents = YES;
				INFOPLIST_KEY_UILaunchScreen_Generation = YES;
				INFOPLIST_KEY_UISupportedInterfaceOrientations_iPad = "UIInterfaceOrientationPortrait UIInterfaceOrientationPortraitUpsideDown UIInterfaceOrientationLandscapeLeft UIInterfaceOrientationLandscapeRight";
				INFOPLIST_KEY_UISupportedInterfaceOrientations_iPhone = "UIInterfaceOrientationPortrait UIInterfaceOrientationLandscapeLeft UIInterfaceOrientationLandscapeRight";
				LD_RUNPATH_SEARCH_PATHS = (
					"$(inherited)",
					"@executable_path/Frameworks",
				);
				MARKETING_VERSION = 1.0;
				PRODUCT_BUNDLE_IDENTIFIER = simpleApp.BluetoothLANScanner;
				PRODUCT_NAME = "$(TARGET_NAME)";
				SWIFT_EMIT_LOC_STRINGS = YES;
				SWIFT_VERSION = 5.0;
				TARGETED_DEVICE_FAMILY = "1,2";
			};
			name = Debug;
		};
		ECFE53142EE10B55005B4D33 /* Release */ = {
			isa = XCBuildConfiguration;
			buildSettings = {
				ASSETCATALOG_COMPILER_APPICON_NAME = AppIcon;
				ASSETCATALOG_COMPILER_GLOBAL_ACCENT_COLOR_NAME = AccentColor;
				CODE_SIGN_STYLE = Automatic;
				CURRENT_PROJECT_VERSION = 1;
				DEVELOPMENT_TEAM = PUJ5AQT6UU;
				ENABLE_PREVIEWS = YES;
				GENERATE_INFOPLIST_FILE = YES;
				INFOPLIST_FILE = BluetoothLANScanner/Info.plist;
				INFOPLIST_KEY_NSBluetoothAlwaysUsageDescription = "Мы используем Bluetooth для поиска устройств рядом";
				INFOPLIST_KEY_NSLocalNetworkUsageDescription = "\"\"";
				INFOPLIST_KEY_UIApplicationSceneManifest_Generation = YES;
				INFOPLIST_KEY_UIApplicationSupportsIndirectInputEvents = YES;
				INFOPLIST_KEY_UILaunchScreen_Generation = YES;
				INFOPLIST_KEY_UISupportedInterfaceOrientations_iPad = "UIInterfaceOrientationPortrait UIInterfaceOrientationPortraitUpsideDown UIInterfaceOrientationLandscapeLeft UIInterfaceOrientationLandscapeRight";
				INFOPLIST_KEY_UISupportedInterfaceOrientations_iPhone = "UIInterfaceOrientationPortrait UIInterfaceOrientationLandscapeLeft UIInterfaceOrientationLandscapeRight";
				LD_RUNPATH_SEARCH_PATHS = (
					"$(inherited)",
					"@executable_path/Frameworks",
				);
				MARKETING_VERSION = 1.0;
				PRODUCT_BUNDLE_IDENTIFIER = simpleApp.BluetoothLANScanner;
				PRODUCT_NAME = "$(TARGET_NAME)";
				SWIFT_EMIT_LOC_STRINGS = YES;
				SWIFT_VERSION = 5.0;
				TARGETED_DEVICE_FAMILY = "1,2";
			};
			name = Release;
		};
/* End XCBuildConfiguration section */

/* Begin XCConfigurationList section */
		ECFE52FD2EE10B53005B4D33 /* Build configuration list for PBXProject "BluetoothLANScanner" */ = {
			isa = XCConfigurationList;
			buildConfigurations = (
				ECFE53102EE10B55005B4D33 /* Debug */,
				ECFE53112EE10B55005B4D33 /* Release */,
			);
			defaultConfigurationIsVisible = 0;
			defaultConfigurationName = Release;
		};
		ECFE53122EE10B55005B4D33 /* Build configuration list for PBXNativeTarget "BluetoothLANScanner" */ = {
			isa = XCConfigurationList;
			buildConfigurations = (
				ECFE53132EE10B55005B4D33 /* Debug */,
				ECFE53142EE10B55005B4D33 /* Release */,
			);
			defaultConfigurationIsVisible = 0;
			defaultConfigurationName = Release;
		};
/* End XCConfigurationList section */

/* Begin XCRemoteSwiftPackageReference section */
		ECFE53562EE11FA1005B4D33 /* XCRemoteSwiftPackageReference "lan-scanner" */ = {
			isa = XCRemoteSwiftPackageReference;
			repositoryURL = "https://github.com/MaatheusGois/lan-scanner";
			requirement = {
				branch = develop;
				kind = branch;
			};
		};
/* End XCRemoteSwiftPackageReference section */

/* Begin XCSwiftPackageProductDependency section */
		ECFE53572EE11FA1005B4D33 /* LanScanner */ = {
			isa = XCSwiftPackageProductDependency;
			package = ECFE53562EE11FA1005B4D33 /* XCRemoteSwiftPackageReference "lan-scanner" */;
			productName = LanScanner;
		};
/* End XCSwiftPackageProductDependency section */

/* Begin XCVersionGroup section */
		ECFE533F2EE114B6005B4D33 /* BluetoothLANScanner.xcdatamodeld */ = {
			isa = XCVersionGroup;
			children = (
				ECFE53442EE114B6005B4D33 /* BluetoothLANScanner.xcdatamodel */,
			);
			currentVersion = ECFE53442EE114B6005B4D33 /* BluetoothLANScanner.xcdatamodel */;
			path = BluetoothLANScanner.xcdatamodeld;
			sourceTree = "<group>";
			versionGroupType = wrapper.xcdatamodel;
		};
/* End XCVersionGroup section */
	};
	rootObject = ECFE52FA2EE10B53005B4D33 /* Project object */;
}
